
Microsoft Visual Studio Solution File, Format Version 12.00
# Visual Studio Version 17
VisualStudioVersion = 17.1.32421.90
MinimumVisualStudioVersion = 10.0.40219.1
Project("{9A19103F-16F7-4668-BE54-9A1E7A4F7556}") = "CallingAPIs", "CallingAPIs\CallingAPIs.csproj", "{F50E2D0C-5C28-4AEE-9849-7A24D09AD634}"
	ProjectSection(ProjectDependencies) = postProject
		{98CF248D-DE1C-43A2-9673-D3F809F3D73E} = {98CF248D-DE1C-43A2-9673-D3F809F3D73E}
	EndProjectSection
EndProject
Project("{9A19103F-16F7-4668-BE54-9A1E7A4F7556}") = "DemoLibrary", "DemoLibrary\DemoLibrary.csproj", "{98CF248D-DE1C-43A2-9673-D3F809F3D73E}"
EndProject
Global
	GlobalSection(SolutionConfigurationPlatforms) = preSolution
		Debug|Any CPU = Debug|Any CPU
		Release|Any CPU = Release|Any CPU
	EndGlobalSection
	GlobalSection(ProjectConfigurationPlatforms) = postSolution
		{F50E2D0C-5C28-4AEE-9849-7A24D09AD634}.Debug|Any CPU.ActiveCfg = Debug|Any CPU
		{F50E2D0C-5C28-4AEE-9849-7A24D09AD634}.Debug|Any CPU.Build.0 = Debug|Any CPU
		{F50E2D0C-5C28-4AEE-9849-7A24D09AD634}.Release|Any CPU.ActiveCfg = Release|Any CPU
		{F50E2D0C-5C28-4AEE-9849-7A24D09AD634}.Release|Any CPU.Build.0 = Release|Any CPU
		{98CF248D-DE1C-43A2-9673-D3F809F3D73E}.Debug|Any CPU.ActiveCfg = Debug|Any CPU
		{98CF248D-DE1C-43A2-9673-D3F809F3D73E}.Debug|Any CPU.Build.0 = Debug|Any CPU
		{98CF248D-DE1C-43A2-9673-D3F809F3D73E}.Release|Any CPU.ActiveCfg = Release|Any CPU
		{98CF248D-DE1C-43A2-9673-D3F809F3D73E}.Release|Any CPU.Build.0 = Release|Any CPU
	EndGlobalSection
	GlobalSection(SolutionProperties) = preSolution
		HideSolutionNode = FALSE
	EndGlobalSection
	GlobalSection(ExtensibilityGlobals) = postSolution
		SolutionGuid = {C5130FD0-982E-4DCC-A13B-6A46C4EBB664}
	EndGlobalSection
EndGlobal
